
Microsoft Visual Studio Solution File, Format Version 12.00
# Visual Studio 2012
Project("{FAE04EC0-301F-11D3-BF4B-00C04F79EFBC}") = "CycleReferenceDemo", "CycleReferenceDemo\CycleReferenceDemo.csproj", "{076E2753-EBCE-4D19-892F-76237AF20E3D}"
EndProject
Global
	GlobalSection(SolutionConfigurationPlatforms) = preSolution
		Debug|iPhoneSimulator = Debug|iPhoneSimulator
		Release|iPhone = Release|iPhone
		Release|iPhoneSimulator = Release|iPhoneSimulator
		Debug|iPhone = Debug|iPhone
	EndGlobalSection
	GlobalSection(ProjectConfigurationPlatforms) = postSolution
		{076E2753-EBCE-4D19-892F-76237AF20E3D}.Debug|iPhoneSimulator.ActiveCfg = Debug|iPhoneSimulator
		{076E2753-EBCE-4D19-892F-76237AF20E3D}.Debug|iPhoneSimulator.Build.0 = Debug|iPhoneSimulator
		{076E2753-EBCE-4D19-892F-76237AF20E3D}.Release|iPhone.ActiveCfg = Release|iPhone
		{076E2753-EBCE-4D19-892F-76237AF20E3D}.Release|iPhone.Build.0 = Release|iPhone
		{076E2753-EBCE-4D19-892F-76237AF20E3D}.Release|iPhoneSimulator.ActiveCfg = Release|iPhoneSimulator
		{076E2753-EBCE-4D19-892F-76237AF20E3D}.Release|iPhoneSimulator.Build.0 = Release|iPhoneSimulator
		{076E2753-EBCE-4D19-892F-76237AF20E3D}.Debug|iPhone.ActiveCfg = Debug|iPhone
		{076E2753-EBCE-4D19-892F-76237AF20E3D}.Debug|iPhone.Build.0 = Debug|iPhone
	EndGlobalSection
EndGlobal
